
Microsoft Visual Studio Solution File, Format Version 12.00
# Visual Studio Version 17
VisualStudioVersion = 17.14.36518.9 d17.14
MinimumVisualStudioVersion = 10.0.40219.1
Project("{FAE04EC0-301F-11D3-BF4B-00C04F79EFBC}") = "i-Comercio", "src\i-Comercio\i-Comercio.csproj", "{67F77DF6-19D5-4ED1-9AA8-4A50FBC24F85}"
EndProject
Project("{2150E333-8FDC-42A3-9474-1A3956D46DE8}") = "src", "src", "{02EA681E-C7D8-13C7-8484-4AC65E1B71E8}"
EndProject
Global
	GlobalSection(SolutionConfigurationPlatforms) = preSolution
		Debug|Any CPU = Debug|Any CPU
		Release|Any CPU = Release|Any CPU
	EndGlobalSection
	GlobalSection(ProjectConfigurationPlatforms) = postSolution
		{67F77DF6-19D5-4ED1-9AA8-4A50FBC24F85}.Debug|Any CPU.ActiveCfg = Debug|Any CPU
		{67F77DF6-19D5-4ED1-9AA8-4A50FBC24F85}.Debug|Any CPU.Build.0 = Debug|Any CPU
		{67F77DF6-19D5-4ED1-9AA8-4A50FBC24F85}.Release|Any CPU.ActiveCfg = Release|Any CPU
		{67F77DF6-19D5-4ED1-9AA8-4A50FBC24F85}.Release|Any CPU.Build.0 = Release|Any CPU
	EndGlobalSection
	GlobalSection(SolutionProperties) = preSolution
		HideSolutionNode = FALSE
	EndGlobalSection
	GlobalSection(NestedProjects) = preSolution
		{67F77DF6-19D5-4ED1-9AA8-4A50FBC24F85} = {02EA681E-C7D8-13C7-8484-4AC65E1B71E8}
	EndGlobalSection
	GlobalSection(ExtensibilityGlobals) = postSolution
		SolutionGuid = {C0E3D96B-2019-4648-926A-B8D68FBD5850}
	EndGlobalSection
EndGlobal
